// !$*UTF8*$!
{
	archiveVersion = 1;
	classes = {
	};
	objectVersion = 46;
	objects = {

/* Begin PBXBuildFile section */
		9BA424E61B0A672800CB4E92 /* AppDelegate.swift in Sources */ = {isa = PBXBuildFile; fileRef = 9BA424E51B0A672800CB4E92 /* AppDelegate.swift */; };
		9BA424EB1B0A672800CB4E92 /* ViewController.swift in Sources */ = {isa = PBXBuildFile; fileRef = 9BA424EA1B0A672800CB4E92 /* ViewController.swift */; };
		9BA424EE1B0A672800CB4E92 /* Main.storyboard in Resources */ = {isa = PBXBuildFile; fileRef = 9BA424EC1B0A672800CB4E92 /* Main.storyboard */; };
		9BA424F01B0A672800CB4E92 /* Images.xcassets in Resources */ = {isa = PBXBuildFile; fileRef = 9BA424EF1B0A672800CB4E92 /* Images.xcassets */; };
		9BA424F31B0A672800CB4E92 /* LaunchScreen.xib in Resources */ = {isa = PBXBuildFile; fileRef = 9BA424F11B0A672800CB4E92 /* LaunchScreen.xib */; };
		9BA424FF1B0A672900CB4E92 /* RFSwiftRadialProgressTests.swift in Sources */ = {isa = PBXBuildFile; fileRef = 9BA424FE1B0A672900CB4E92 /* RFSwiftRadialProgressTests.swift */; };
		9BA425091B0A683600CB4E92 /* RFProgressView.swift in Sources */ = {isa = PBXBuildFile; fileRef = 9BA425081B0A683600CB4E92 /* RFProgressView.swift */; };
/* End PBXBuildFile section */

/* Begin PBXContainerItemProxy section */
		9BA424F91B0A672900CB4E92 /* PBXContainerItemProxy */ = {
			isa = PBXContainerItemProxy;
			containerPortal = 9BA424D81B0A672800CB4E92 /* Project object */;
			proxyType = 1;
			remoteGlobalIDString = 9BA424DF1B0A672800CB4E92;
			remoteInfo = RFSwiftRadialProgress;
		};
/* End PBXContainerItemProxy section */

/* Begin PBXFileReference section */
		9BA424E01B0A672800CB4E92 /* RFSwiftRadialProgress.app */ = {isa = PBXFileReference; explicitFileType = wrapper.application; includeInIndex = 0; path = RFSwiftRadialProgress.app; sourceTree = BUILT_PRODUCTS_DIR; };
		9BA424E41B0A672800CB4E92 /* Info.plist */ = {isa = PBXFileReference; lastKnownFileType = text.plist.xml; path = Info.plist; sourceTree = "<group>"; };
		9BA424E51B0A672800CB4E92 /* AppDelegate.swift */ = {isa = PBXFileReference; lastKnownFileType = sourcecode.swift; path = AppDelegate.swift; sourceTree = "<group>"; };
		9BA424EA1B0A672800CB4E92 /* ViewController.swift */ = {isa = PBXFileReference; lastKnownFileType = sourcecode.swift; path = ViewController.swift; sourceTree = "<group>"; };
		9BA424ED1B0A672800CB4E92 /* Base */ = {isa = PBXFileReference; lastKnownFileType = file.storyboard; name = Base; path = Base.lproj/Main.storyboard; sourceTree = "<group>"; };
		9BA424EF1B0A672800CB4E92 /* Images.xcassets */ = {isa = PBXFileReference; lastKnownFileType = folder.assetcatalog; path = Images.xcassets; sourceTree = "<group>"; };
		9BA424F21B0A672800CB4E92 /* Base */ = {isa = PBXFileReference; lastKnownFileType = file.xib; name = Base; path = Base.lproj/LaunchScreen.xib; sourceTree = "<group>"; };
		9BA424F81B0A672900CB4E92 /* RFSwiftRadialProgressTests.xctest */ = {isa = PBXFileReference; explicitFileType = wrapper.cfbundle; includeInIndex = 0; path = RFSwiftRadialProgressTests.xctest; sourceTree = BUILT_PRODUCTS_DIR; };
		9BA424FD1B0A672900CB4E92 /* Info.plist */ = {isa = PBXFileReference; lastKnownFileType = text.plist.xml; path = Info.plist; sourceTree = "<group>"; };
		9BA424FE1B0A672900CB4E92 /* RFSwiftRadialProgressTests.swift */ = {isa = PBXFileReference; lastKnownFileType = sourcecode.swift; path = RFSwiftRadialProgressTests.swift; sourceTree = "<group>"; };
		9BA425081B0A683600CB4E92 /* RFProgressView.swift */ = {isa = PBXFileReference; fileEncoding = 4; lastKnownFileType = sourcecode.swift; path = RFProgressView.swift; sourceTree = "<group>"; };
/* End PBXFileReference section */

/* Begin PBXFrameworksBuildPhase section */
		9BA424DD1B0A672800CB4E92 /* Frameworks */ = {
			isa = PBXFrameworksBuildPhase;
			buildActionMask = 2147483647;
			files = (
			);
			runOnlyForDeploymentPostprocessing = 0;
		};
		9BA424F51B0A672900CB4E92 /* Frameworks */ = {
			isa = PBXFrameworksBuildPhase;
			buildActionMask = 2147483647;
			files = (
			);
			runOnlyForDeploymentPostprocessing = 0;
		};
/* End PBXFrameworksBuildPhase section */

/* Begin PBXGroup section */
		9BA424D71B0A672800CB4E92 = {
			isa = PBXGroup;
			children = (
				9BA424E21B0A672800CB4E92 /* RFSwiftRadialProgress */,
				9BA424FB1B0A672900CB4E92 /* RFSwiftRadialProgressTests */,
				9BA424E11B0A672800CB4E92 /* Products */,
			);
			sourceTree = "<group>";
		};
		9BA424E11B0A672800CB4E92 /* Products */ = {
			isa = PBXGroup;
			children = (
				9BA424E01B0A672800CB4E92 /* RFSwiftRadialProgress.app */,
				9BA424F81B0A672900CB4E92 /* RFSwiftRadialProgressTests.xctest */,
			);
			name = Products;
			sourceTree = "<group>";
		};
		9BA424E21B0A672800CB4E92 /* RFSwiftRadialProgress */ = {
			isa = PBXGroup;
			children = (
				9BA424E51B0A672800CB4E92 /* AppDelegate.swift */,
				9BA424EA1B0A672800CB4E92 /* ViewController.swift */,
				9BA425081B0A683600CB4E92 /* RFProgressView.swift */,
				9BA424EC1B0A672800CB4E92 /* Main.storyboard */,
				9BA424EF1B0A672800CB4E92 /* Images.xcassets */,
				9BA424F11B0A672800CB4E92 /* LaunchScreen.xib */,
				9BA424E31B0A672800CB4E92 /* Supporting Files */,
			);
			path = RFSwiftRadialProgress;
			sourceTree = "<group>";
		};
		9BA424E31B0A672800CB4E92 /* Supporting Files */ = {
			isa = PBXGroup;
			children = (
				9BA424E41B0A672800CB4E92 /* Info.plist */,
			);
			name = "Supporting Files";
			sourceTree = "<group>";
		};
		9BA424FB1B0A672900CB4E92 /* RFSwiftRadialProgressTests */ = {
			isa = PBXGroup;
			children = (
				9BA424FE1B0A672900CB4E92 /* RFSwiftRadialProgressTests.swift */,
				9BA424FC1B0A672900CB4E92 /* Supporting Files */,
			);
			path = RFSwiftRadialProgressTests;
			sourceTree = "<group>";
		};
		9BA424FC1B0A672900CB4E92 /* Supporting Files */ = {
			isa = PBXGroup;
			children = (
				9BA424FD1B0A672900CB4E92 /* Info.plist */,
			);
			name = "Supporting Files";
			sourceTree = "<group>";
		};
/* End PBXGroup section */

/* Begin PBXNativeTarget section */
		9BA424DF1B0A672800CB4E92 /* RFSwiftRadialProgress */ = {
			isa = PBXNativeTarget;
			buildConfigurationList = 9BA425021B0A672900CB4E92 /* Build configuration list for PBXNativeTarget "RFSwiftRadialProgress" */;
			buildPhases = (
				9BA424DC1B0A672800CB4E92 /* Sources */,
				9BA424DD1B0A672800CB4E92 /* Frameworks */,
				9BA424DE1B0A672800CB4E92 /* Resources */,
			);
			buildRules = (
			);
			dependencies = (
			);
			name = RFSwiftRadialProgress;
			productName = RFSwiftRadialProgress;
			productReference = 9BA424E01B0A672800CB4E92 /* RFSwiftRadialProgress.app */;
			productType = "com.apple.product-type.application";
		};
		9BA424F71B0A672900CB4E92 /* RFSwiftRadialProgressTests */ = {
			isa = PBXNativeTarget;
			buildConfigurationList = 9BA425051B0A672900CB4E92 /* Build configuration list for PBXNativeTarget "RFSwiftRadialProgressTests" */;
			buildPhases = (
				9BA424F41B0A672900CB4E92 /* Sources */,
				9BA424F51B0A672900CB4E92 /* Frameworks */,
				9BA424F61B0A672900CB4E92 /* Resources */,
			);
			buildRules = (
			);
			dependencies = (
				9BA424FA1B0A672900CB4E92 /* PBXTargetDependency */,
			);
			name = RFSwiftRadialProgressTests;
			productName = RFSwiftRadialProgressTests;
			productReference = 9BA424F81B0A672900CB4E92 /* RFSwiftRadialProgressTests.xctest */;
			productType = "com.apple.product-type.bundle.unit-test";
		};
/* End PBXNativeTarget section */

/* Begin PBXProject section */
		9BA424D81B0A672800CB4E92 /* Project object */ = {
			isa = PBXProject;
			attributes = {
				LastUpgradeCheck = 0630;
				ORGANIZATIONNAME = MobileMakers;
				TargetAttributes = {
					9BA424DF1B0A672800CB4E92 = {
						CreatedOnToolsVersion = 6.3.1;
					};
					9BA424F71B0A672900CB4E92 = {
						CreatedOnToolsVersion = 6.3.1;
						TestTargetID = 9BA424DF1B0A672800CB4E92;
					};
				};
			};
			buildConfigurationList = 9BA424DB1B0A672800CB4E92 /* Build configuration list for PBXProject "RFSwiftRadialProgress" */;
			compatibilityVersion = "Xcode 3.2";
			developmentRegion = English;
			hasScannedForEncodings = 0;
			knownRegions = (
				en,
				Base,
			);
			mainGroup = 9BA424D71B0A672800CB4E92;
			productRefGroup = 9BA424E11B0A672800CB4E92 /* Products */;
			projectDirPath = "";
			projectRoot = "";
			targets = (
				9BA424DF1B0A672800CB4E92 /* RFSwiftRadialProgress */,
				9BA424F71B0A672900CB4E92 /* RFSwiftRadialProgressTests */,
			);
		};
/* End PBXProject section */

/* Begin PBXResourcesBuildPhase section */
		9BA424DE1B0A672800CB4E92 /* Resources */ = {
			isa = PBXResourcesBuildPhase;
			buildActionMask = 2147483647;
			files = (
				9BA424EE1B0A672800CB4E92 /* Main.storyboard in Resources */,
				9BA424F31B0A672800CB4E92 /* LaunchScreen.xib in Resources */,
				9BA424F01B0A672800CB4E92 /* Images.xcassets in Resources */,
			);
			runOnlyForDeploymentPostprocessing = 0;
		};
		9BA424F61B0A672900CB4E92 /* Resources */ = {
			isa = PBXResourcesBuildPhase;
			buildActionMask = 2147483647;
			files = (
			);
			runOnlyForDeploymentPostprocessing = 0;
		};
/* End PBXResourcesBuildPhase section */

/* Begin PBXSourcesBuildPhase section */
		9BA424DC1B0A672800CB4E92 /* Sources */ = {
			isa = PBXSourcesBuildPhase;
			buildActionMask = 2147483647;
			files = (
				9BA424EB1B0A672800CB4E92 /* ViewController.swift in Sources */,
				9BA424E61B0A672800CB4E92 /* AppDelegate.swift in Sources */,
				9BA425091B0A683600CB4E92 /* RFProgressView.swift in Sources */,
			);
			runOnlyForDeploymentPostprocessing = 0;
		};
		9BA424F41B0A672900CB4E92 /* Sources */ = {
			isa = PBXSourcesBuildPhase;
			buildActionMask = 2147483647;
			files = (
				9BA424FF1B0A672900CB4E92 /* RFSwiftRadialProgressTests.swift in Sources */,
			);
			runOnlyForDeploymentPostprocessing = 0;
		};
/* End PBXSourcesBuildPhase section */

/* Begin PBXTargetDependency section */
		9BA424FA1B0A672900CB4E92 /* PBXTargetDependency */ = {
			isa = PBXTargetDependency;
			target = 9BA424DF1B0A672800CB4E92 /* RFSwiftRadialProgress */;
			targetProxy = 9BA424F91B0A672900CB4E92 /* PBXContainerItemProxy */;
		};
/* End PBXTargetDependency section */

/* Begin PBXVariantGroup section */
		9BA424EC1B0A672800CB4E92 /* Main.storyboard */ = {
			isa = PBXVariantGroup;
			children = (
				9BA424ED1B0A672800CB4E92 /* Base */,
			);
			name = Main.storyboard;
			sourceTree = "<group>";
		};
		9BA424F11B0A672800CB4E92 /* LaunchScreen.xib */ = {
			isa = PBXVariantGroup;
			children = (
				9BA424F21B0A672800CB4E92 /* Base */,
			);
			name = LaunchScreen.xib;
			sourceTree = "<group>";
		};
/* End PBXVariantGroup section */

/* Begin XCBuildConfiguration section */
		9BA425001B0A672900CB4E92 /* Debug */ = {
			isa = XCBuildConfiguration;
			buildSettings = {
				ALWAYS_SEARCH_USER_PATHS = NO;
				CLANG_CXX_LANGUAGE_STANDARD = "gnu++0x";
				CLANG_CXX_LIBRARY = "libc++";
				CLANG_ENABLE_MODULES = YES;
				CLANG_ENABLE_OBJC_ARC = YES;
				CLANG_WARN_BOOL_CONVERSION = YES;
				CLANG_WARN_CONSTANT_CONVERSION = YES;
				CLANG_WARN_DIRECT_OBJC_ISA_USAGE = YES_ERROR;
				CLANG_WARN_EMPTY_BODY = YES;
				CLANG_WARN_ENUM_CONVERSION = YES;
				CLANG_WARN_INT_CONVERSION = YES;
				CLANG_WARN_OBJC_ROOT_CLASS = YES_ERROR;
				CLANG_WARN_UNREACHABLE_CODE = YES;
				CLANG_WARN__DUPLICATE_METHOD_MATCH = YES;
				"CODE_SIGN_IDENTITY[sdk=iphoneos*]" = "iPhone Developer";
				COPY_PHASE_STRIP = NO;
				DEBUG_INFORMATION_FORMAT = "dwarf-with-dsym";
				ENABLE_STRICT_OBJC_MSGSEND = YES;
				GCC_C_LANGUAGE_STANDARD = gnu99;
				GCC_DYNAMIC_NO_PIC = NO;
				GCC_NO_COMMON_BLOCKS = YES;
				GCC_OPTIMIZATION_LEVEL = 0;
				GCC_PREPROCESSOR_DEFINITIONS = (
					"DEBUG=1",
					"$(inherited)",
				);
				GCC_SYMBOLS_PRIVATE_EXTERN = NO;
				GCC_WARN_64_TO_32_BIT_CONVERSION = YES;
				GCC_WARN_ABOUT_RETURN_TYPE = YES_ERROR;
				GCC_WARN_UNDECLARED_SELECTOR = YES;
				GCC_WARN_UNINITIALIZED_AUTOS = YES_AGGRESSIVE;
				GCC_WARN_UNUSED_FUNCTION = YES;
				GCC_WARN_UNUSED_VARIABLE = YES;
				IPHONEOS_DEPLOYMENT_TARGET = 8.3;
				MTL_ENABLE_DEBUG_INFO = YES;
				ONLY_ACTIVE_ARCH = YES;
				SDKROOT = iphoneos;
				SWIFT_OPTIMIZATION_LEVEL = "-Onone";
				TARGETED_DEVICE_FAMILY = "1,2";
			};
			name = Debug;
		};
		9BA425011B0A672900CB4E92 /* Release */ = {
			isa = XCBuildConfiguration;
			buildSettings = {
				ALWAYS_SEARCH_USER_PATHS = NO;
				CLANG_CXX_LANGUAGE_STANDARD = "gnu++0x";
				CLANG_CXX_LIBRARY = "libc++";
				CLANG_ENABLE_MODULES = YES;
				CLANG_ENABLE_OBJC_ARC = YES;
				CLANG_WARN_BOOL_CONVERSION = YES;
				CLANG_WARN_CONSTANT_CONVERSION = YES;
				CLANG_WARN_DIRECT_OBJC_ISA_USAGE = YES_ERROR;
				CLANG_WARN_EMPTY_BODY = YES;
				CLANG_WARN_ENUM_CONVERSION = YES;
				CLANG_WARN_INT_CONVERSION = YES;
				CLANG_WARN_OBJC_ROOT_CLASS = YES_ERROR;
				CLANG_WARN_UNREACHABLE_CODE = YES;
				CLANG_WARN__DUPLICATE_METHOD_MATCH = YES;
				"CODE_SIGN_IDENTITY[sdk=iphoneos*]" = "iPhone Developer";
				COPY_PHASE_STRIP = NO;
				DEBUG_INFORMATION_FORMAT = "dwarf-with-dsym";
				ENABLE_NS_ASSERTIONS = NO;
				ENABLE_STRICT_OBJC_MSGSEND = YES;
				GCC_C_LANGUAGE_STANDARD = gnu99;
				GCC_NO_COMMON_BLOCKS = YES;
				GCC_WARN_64_TO_32_BIT_CONVERSION = YES;
				GCC_WARN_ABOUT_RETURN_TYPE = YES_ERROR;
				GCC_WARN_UNDECLARED_SELECTOR = YES;
				GCC_WARN_UNINITIALIZED_AUTOS = YES_AGGRESSIVE;
				GCC_WARN_UNUSED_FUNCTION = YES;
				GCC_WARN_UNUSED_VARIABLE = YES;
				IPHONEOS_DEPLOYMENT_TARGET = 8.3;
				MTL_ENABLE_DEBUG_INFO = NO;
				SDKROOT = iphoneos;
				TARGETED_DEVICE_FAMILY = "1,2";
				VALIDATE_PRODUCT = YES;
			};
			name = Release;
		};
		9BA425031B0A672900CB4E92 /* Debug */ = {
			isa = XCBuildConfiguration;
			buildSettings = {
				ASSETCATALOG_COMPILER_APPICON_NAME = AppIcon;
				INFOPLIST_FILE = RFSwiftRadialProgress/Info.plist;
				LD_RUNPATH_SEARCH_PATHS = "$(inherited) @executable_path/Frameworks";
				PRODUCT_NAME = "$(TARGET_NAME)";
			};
			name = Debug;
		};
		9BA425041B0A672900CB4E92 /* Release */ = {
			isa = XCBuildConfiguration;
			buildSettings = {
				ASSETCATALOG_COMPILER_APPICON_NAME = AppIcon;
				INFOPLIST_FILE = RFSwiftRadialProgress/Info.plist;
				LD_RUNPATH_SEARCH_PATHS = "$(inherited) @executable_path/Frameworks";
				PRODUCT_NAME = "$(TARGET_NAME)";
			};
			name = Release;
		};
		9BA425061B0A672900CB4E92 /* Debug */ = {
			isa = XCBuildConfiguration;
			buildSettings = {
				BUNDLE_LOADER = "$(TEST_HOST)";
				FRAMEWORK_SEARCH_PATHS = (
					"$(SDKROOT)/Developer/Library/Frameworks",
					"$(inherited)",
				);
				GCC_PREPROCESSOR_DEFINITIONS = (
					"DEBUG=1",
					"$(inherited)",
				);
				INFOPLIST_FILE = RFSwiftRadialProgressTests/Info.plist;
				LD_RUNPATH_SEARCH_PATHS = "$(inherited) @executable_path/Frameworks @loader_path/Frameworks";
				PRODUCT_NAME = "$(TARGET_NAME)";
				TEST_HOST = "$(BUILT_PRODUCTS_DIR)/RFSwiftRadialProgress.app/RFSwiftRadialProgress";
			};
			name = Debug;
		};
		9BA425071B0A672900CB4E92 /* Release */ = {
			isa = XCBuildConfiguration;
			buildSettings = {
				BUNDLE_LOADER = "$(TEST_HOST)";
				FRAMEWORK_SEARCH_PATHS = (
					"$(SDKROOT)/Developer/Library/Frameworks",
					"$(inherited)",
				);
				INFOPLIST_FILE = RFSwiftRadialProgressTests/Info.plist;
				LD_RUNPATH_SEARCH_PATHS = "$(inherited) @executable_path/Frameworks @loader_path/Frameworks";
				PRODUCT_NAME = "$(TARGET_NAME)";
				TEST_HOST = "$(BUILT_PRODUCTS_DIR)/RFSwiftRadialProgress.app/RFSwiftRadialProgress";
			};
			name = Release;
		};
/* End XCBuildConfiguration section */

/* Begin XCConfigurationList section */
		9BA424DB1B0A672800CB4E92 /* Build configuration list for PBXProject "RFSwiftRadialProgress" */ = {
			isa = XCConfigurationList;
			buildConfigurations = (
				9BA425001B0A672900CB4E92 /* Debug */,
				9BA425011B0A672900CB4E92 /* Release */,
			);
			defaultConfigurationIsVisible = 0;
			defaultConfigurationName = Release;
		};
		9BA425021B0A672900CB4E92 /* Build configuration list for PBXNativeTarget "RFSwiftRadialProgress" */ = {
			isa = XCConfigurationList;
			buildConfigurations = (
				9BA425031B0A672900CB4E92 /* Debug */,
				9BA425041B0A672900CB4E92 /* Release */,
			);
			defaultConfigurationIsVisible = 0;
			defaultConfigurationName = Release;
		};
		9BA425051B0A672900CB4E92 /* Build configuration list for PBXNativeTarget "RFSwiftRadialProgressTests" */ = {
			isa = XCConfigurationList;
			buildConfigurations = (
				9BA425061B0A672900CB4E92 /* Debug */,
				9BA425071B0A672900CB4E92 /* Release */,
			);
			defaultConfigurationIsVisible = 0;
			defaultConfigurationName = Release;
		};
/* End XCConfigurationList section */
	};
	rootObject = 9BA424D81B0A672800CB4E92 /* Project object */;
}
